
Microsoft Visual Studio Solution File, Format Version 12.00
# Visual Studio Version 17
VisualStudioVersion = 17.5.002.0
MinimumVisualStudioVersion = 10.0.40219.1
Project("{9A19103F-16F7-4668-BE54-9A1E7A4F7556}") = "FinalConsole", "FinalConsole.csproj", "{8F6D19E9-B506-4719-8C25-440315581435}"
EndProject
Global
	GlobalSection(SolutionConfigurationPlatforms) = preSolution
		Debug|Any CPU = Debug|Any CPU
		Release|Any CPU = Release|Any CPU
	EndGlobalSection
	GlobalSection(ProjectConfigurationPlatforms) = postSolution
		{8F6D19E9-B506-4719-8C25-440315581435}.Debug|Any CPU.ActiveCfg = Debug|Any CPU
		{8F6D19E9-B506-4719-8C25-440315581435}.Debug|Any CPU.Build.0 = Debug|Any CPU
		{8F6D19E9-B506-4719-8C25-440315581435}.Release|Any CPU.ActiveCfg = Release|Any CPU
		{8F6D19E9-B506-4719-8C25-440315581435}.Release|Any CPU.Build.0 = Release|Any CPU
	EndGlobalSection
	GlobalSection(SolutionProperties) = preSolution
		HideSolutionNode = FALSE
	EndGlobalSection
	GlobalSection(ExtensibilityGlobals) = postSolution
		SolutionGuid = {92F5A33D-D526-4632-B75A-8C2D8EFB944B}
	EndGlobalSection
EndGlobal
